Microsoft Visual Studio Solution File, Format Version 12.00
# Visual Studio Version 17
VisualStudioVersion = 17.5.2.0
MinimumVisualStudioVersion = 10.0.40219.1
Project("{FAE04EC0-301F-11D3-BF4B-00C04F79EFBC}") = "GroceryPOS", "GroceryPOS.csproj", "{1FB36DC9-CB98-38A2-D84C-F726B3047A73}"
EndProject
Global
	GlobalSection(SolutionConfigurationPlatforms) = preSolution
		Debug|Any CPU = Debug|Any CPU
		Release|Any CPU = Release|Any CPU
	EndGlobalSection
	GlobalSection(ProjectConfigurationPlatforms) = postSolution
		{1FB36DC9-CB98-38A2-D84C-F726B3047A73}.Debug|Any CPU.ActiveCfg = Debug|Any CPU
		{1FB36DC9-CB98-38A2-D84C-F726B3047A73}.Debug|Any CPU.Build.0 = Debug|Any CPU
		{1FB36DC9-CB98-38A2-D84C-F726B3047A73}.Release|Any CPU.ActiveCfg = Release|Any CPU
		{1FB36DC9-CB98-38A2-D84C-F726B3047A73}.Release|Any CPU.Build.0 = Release|Any CPU
	EndGlobalSection
	GlobalSection(SolutionProperties) = preSolution
		HideSolutionNode = FALSE
	EndGlobalSection
	GlobalSection(ExtensibilityGlobals) = postSolution
		SolutionGuid = {6E7EC83D-113E-4325-85C1-EE9B01B70BA1}
	EndGlobalSection
EndGlobal
